
Microsoft Visual Studio Solution File, Format Version 12.00
# Visual Studio Version 17
VisualStudioVersion = 17.11.34909.67
MinimumVisualStudioVersion = 10.0.40219.1
Project("{9A19103F-16F7-4668-BE54-9A1E7A4F7556}") = "SecretCosineFormulas", "SecretCosineFormulas\SecretCosineFormulas.csproj", "{88333B3D-17D6-4897-A88B-5DB5E929BC89}"
EndProject
Project("{9A19103F-16F7-4668-BE54-9A1E7A4F7556}") = "CosinePolynomials", "CosinePolynomials\CosinePolynomials.csproj", "{51779977-9D18-4965-A643-5FEB6EA788D1}"
EndProject
Global
	GlobalSection(SolutionConfigurationPlatforms) = preSolution
		Debug|Any CPU = Debug|Any CPU
		Release|Any CPU = Release|Any CPU
	EndGlobalSection
	GlobalSection(ProjectConfigurationPlatforms) = postSolution
		{88333B3D-17D6-4897-A88B-5DB5E929BC89}.Debug|Any CPU.ActiveCfg = Debug|Any CPU
		{88333B3D-17D6-4897-A88B-5DB5E929BC89}.Debug|Any CPU.Build.0 = Debug|Any CPU
		{88333B3D-17D6-4897-A88B-5DB5E929BC89}.Release|Any CPU.ActiveCfg = Release|Any CPU
		{88333B3D-17D6-4897-A88B-5DB5E929BC89}.Release|Any CPU.Build.0 = Release|Any CPU
		{51779977-9D18-4965-A643-5FEB6EA788D1}.Debug|Any CPU.ActiveCfg = Debug|Any CPU
		{51779977-9D18-4965-A643-5FEB6EA788D1}.Debug|Any CPU.Build.0 = Debug|Any CPU
		{51779977-9D18-4965-A643-5FEB6EA788D1}.Release|Any CPU.ActiveCfg = Release|Any CPU
		{51779977-9D18-4965-A643-5FEB6EA788D1}.Release|Any CPU.Build.0 = Release|Any CPU
	EndGlobalSection
	GlobalSection(SolutionProperties) = preSolution
		HideSolutionNode = FALSE
	EndGlobalSection
	GlobalSection(ExtensibilityGlobals) = postSolution
		SolutionGuid = {0616DC48-71C5-4A9E-BB72-94B7053E2420}
	EndGlobalSection
EndGlobal
