
Microsoft Visual Studio Solution File, Format Version 12.00
# Visual Studio Version 17
VisualStudioVersion = 17.11.34909.67
MinimumVisualStudioVersion = 10.0.40219.1
Project("{888888A0-9F3D-457C-B088-3A5042F75D52}") = "SecretCosineFormulas", "SecretCosineFormulas\SecretCosineFormulas.pyproj", "{C5695385-0D97-43A6-B49D-1023F105C5B9}"
EndProject
Project("{888888A0-9F3D-457C-B088-3A5042F75D52}") = "CosinePolynomials", "CosinePolynomials\CosinePolynomials.pyproj", "{AF13FDA2-1154-4D0B-8FCB-2A8A6728E13A}"
EndProject
Global
	GlobalSection(SolutionConfigurationPlatforms) = preSolution
		Debug|Any CPU = Debug|Any CPU
		Release|Any CPU = Release|Any CPU
	EndGlobalSection
	GlobalSection(ProjectConfigurationPlatforms) = postSolution
		{C5695385-0D97-43A6-B49D-1023F105C5B9}.Debug|Any CPU.ActiveCfg = Debug|Any CPU
		{C5695385-0D97-43A6-B49D-1023F105C5B9}.Release|Any CPU.ActiveCfg = Release|Any CPU
		{AF13FDA2-1154-4D0B-8FCB-2A8A6728E13A}.Debug|Any CPU.ActiveCfg = Debug|Any CPU
		{AF13FDA2-1154-4D0B-8FCB-2A8A6728E13A}.Release|Any CPU.ActiveCfg = Release|Any CPU
	EndGlobalSection
	GlobalSection(SolutionProperties) = preSolution
		HideSolutionNode = FALSE
	EndGlobalSection
	GlobalSection(ExtensibilityGlobals) = postSolution
		SolutionGuid = {5B80D283-FC45-4BF1-BC12-DB7ADE5B561E}
	EndGlobalSection
EndGlobal
